
Microsoft Visual Studio Solution File, Format Version 12.00
# Visual Studio Version 17
VisualStudioVersion = 17.5.33627.172
MinimumVisualStudioVersion = 10.0.40219.1
Project("{9A19103F-16F7-4668-BE54-9A1E7A4F7556}") = "CRUDCORE", "CRUDCORE.csproj", "{D3372E2F-7C78-4C7E-8EB9-065EB85F8226}"
EndProject
Global
	GlobalSection(SolutionConfigurationPlatforms) = preSolution
		Debug|Any CPU = Debug|Any CPU
		Release|Any CPU = Release|Any CPU
	EndGlobalSection
	GlobalSection(ProjectConfigurationPlatforms) = postSolution
		{D3372E2F-7C78-4C7E-8EB9-065EB85F8226}.Debug|Any CPU.ActiveCfg = Debug|Any CPU
		{D3372E2F-7C78-4C7E-8EB9-065EB85F8226}.Debug|Any CPU.Build.0 = Debug|Any CPU
		{D3372E2F-7C78-4C7E-8EB9-065EB85F8226}.Release|Any CPU.ActiveCfg = Release|Any CPU
		{D3372E2F-7C78-4C7E-8EB9-065EB85F8226}.Release|Any CPU.Build.0 = Release|Any CPU
	EndGlobalSection
	GlobalSection(SolutionProperties) = preSolution
		HideSolutionNode = FALSE
	EndGlobalSection
	GlobalSection(ExtensibilityGlobals) = postSolution
		SolutionGuid = {AC6B8143-2813-41B1-AA49-8EB3A0BE75D2}
	EndGlobalSection
EndGlobal
